
Microsoft Visual Studio Solution File, Format Version 12.00
# Visual Studio Version 17
VisualStudioVersion = 17.0.31903.59
MinimumVisualStudioVersion = 10.0.40219.1
Project("{2150E333-8FDC-42A3-9474-1A3956D46DE8}") = "Services", "Services", "{3BB809A1-260E-4E43-AD64-82CE29BD0F4C}"
EndProject
Project("{2150E333-8FDC-42A3-9474-1A3956D46DE8}") = "Catalog", "Catalog", "{89D725F0-FD1A-4990-85C4-C25B9AD14FA3}"
EndProject
Project("{9A19103F-16F7-4668-BE54-9A1E7A4F7556}") = "Catalog.API", "Services\Catalog\Catalog.API\Catalog.API.csproj", "{6F16AD7A-6AF2-40EC-A59D-FDFA782F2EFA}"
EndProject
Project("{E53339B2-1760-4266-BCC7-CA923CBCF16C}") = "docker-compose", "docker-compose.dcproj", "{EA9C4C23-B07B-4115-A3E2-F77A3CA1D44B}"
EndProject
Project("{2150E333-8FDC-42A3-9474-1A3956D46DE8}") = "Basket", "Basket", "{913BF623-AABC-499A-86C9-F1E67DD49A5B}"
EndProject
Project("{9A19103F-16F7-4668-BE54-9A1E7A4F7556}") = "Basket.API", "Services\Basket\Basket.API\Basket.API.csproj", "{56C98AD9-1715-431F-86A8-8A9FDB605143}"
EndProject
Project("{2150E333-8FDC-42A3-9474-1A3956D46DE8}") = "Discount", "Discount", "{BEF6744F-F169-4D4A-92D5-0E77E9162FC9}"
EndProject
Project("{9A19103F-16F7-4668-BE54-9A1E7A4F7556}") = "Discount.API", "Services\Discount\Discount.API\Discount.API.csproj", "{2E081FC5-F582-42F8-8640-78D59DF62969}"
EndProject
Project("{9A19103F-16F7-4668-BE54-9A1E7A4F7556}") = "Discount.Grpc", "Services\Discount\Discount.Grpc\Discount.Grpc.csproj", "{9AAD19F5-443C-4AB0-A93E-A121DF48167E}"
EndProject
Project("{2150E333-8FDC-42A3-9474-1A3956D46DE8}") = "Ordering", "Ordering", "{654D2ED4-1EFA-4CE1-8974-8025CB3B6156}"
EndProject
Project("{9A19103F-16F7-4668-BE54-9A1E7A4F7556}") = "Ordering.API", "Services\Ordering\Ordering.API\Ordering.API.csproj", "{62015917-7A57-467E-AC0E-93939386D636}"
EndProject
Project("{9A19103F-16F7-4668-BE54-9A1E7A4F7556}") = "Ordering.Domain", "Services\Ordering\Ordering.Domain\Ordering.Domain.csproj", "{9987DD65-800A-4F1E-832D-9A59385F8162}"
EndProject
Project("{9A19103F-16F7-4668-BE54-9A1E7A4F7556}") = "Ordering.Application", "Services\Ordering\Ordering.Application\Ordering.Application.csproj", "{9A80BCAA-8C8D-4900-A065-CC2AEADE7A84}"
EndProject
Project("{9A19103F-16F7-4668-BE54-9A1E7A4F7556}") = "Ordering.Infrastructure", "Services\Ordering\Ordering.Infrastructure\Ordering.Infrastructure.csproj", "{223C335B-6E27-415D-9548-F998D9927495}"
EndProject
Project("{2150E333-8FDC-42A3-9474-1A3956D46DE8}") = "BuildingBlocks", "BuildingBlocks", "{E4D0C140-843E-4760-B454-D03BBF8832ED}"
EndProject
Project("{9A19103F-16F7-4668-BE54-9A1E7A4F7556}") = "EventBus.Messages", "BuildingBlocks\EventBus.Messages\EventBus.Messages.csproj", "{10426A17-7054-475E-A4B0-DF7F22F08EA0}"
EndProject
Project("{2150E333-8FDC-42A3-9474-1A3956D46DE8}") = "ApiGateways", "ApiGateways", "{4B48EE5E-A922-47E2-9959-0D77440C6EF4}"
EndProject
Project("{9A19103F-16F7-4668-BE54-9A1E7A4F7556}") = "OcelotApiGw", "ApiGateways\OcelotApiGw\OcelotApiGw.csproj", "{8DFF166D-8455-4982-9C83-C769FE2E4D4E}"
EndProject
Project("{9A19103F-16F7-4668-BE54-9A1E7A4F7556}") = "Shopping.Aggregator", "ApiGateways\Shopping.Aggregator\Shopping.Aggregator.csproj", "{914F77A8-7653-4AFE-99D5-72A47AF53956}"
EndProject
Global
	GlobalSection(SolutionConfigurationPlatforms) = preSolution
		Debug|Any CPU = Debug|Any CPU
		Release|Any CPU = Release|Any CPU
	EndGlobalSection
	GlobalSection(ProjectConfigurationPlatforms) = postSolution
		{6F16AD7A-6AF2-40EC-A59D-FDFA782F2EFA}.Debug|Any CPU.ActiveCfg = Debug|Any CPU
		{6F16AD7A-6AF2-40EC-A59D-FDFA782F2EFA}.Debug|Any CPU.Build.0 = Debug|Any CPU
		{6F16AD7A-6AF2-40EC-A59D-FDFA782F2EFA}.Release|Any CPU.ActiveCfg = Release|Any CPU
		{6F16AD7A-6AF2-40EC-A59D-FDFA782F2EFA}.Release|Any CPU.Build.0 = Release|Any CPU
		{EA9C4C23-B07B-4115-A3E2-F77A3CA1D44B}.Debug|Any CPU.ActiveCfg = Debug|Any CPU
		{EA9C4C23-B07B-4115-A3E2-F77A3CA1D44B}.Debug|Any CPU.Build.0 = Debug|Any CPU
		{EA9C4C23-B07B-4115-A3E2-F77A3CA1D44B}.Release|Any CPU.ActiveCfg = Release|Any CPU
		{EA9C4C23-B07B-4115-A3E2-F77A3CA1D44B}.Release|Any CPU.Build.0 = Release|Any CPU
		{56C98AD9-1715-431F-86A8-8A9FDB605143}.Debug|Any CPU.ActiveCfg = Debug|Any CPU
		{56C98AD9-1715-431F-86A8-8A9FDB605143}.Debug|Any CPU.Build.0 = Debug|Any CPU
		{56C98AD9-1715-431F-86A8-8A9FDB605143}.Release|Any CPU.ActiveCfg = Release|Any CPU
		{56C98AD9-1715-431F-86A8-8A9FDB605143}.Release|Any CPU.Build.0 = Release|Any CPU
		{2E081FC5-F582-42F8-8640-78D59DF62969}.Debug|Any CPU.ActiveCfg = Debug|Any CPU
		{2E081FC5-F582-42F8-8640-78D59DF62969}.Debug|Any CPU.Build.0 = Debug|Any CPU
		{2E081FC5-F582-42F8-8640-78D59DF62969}.Release|Any CPU.ActiveCfg = Release|Any CPU
		{2E081FC5-F582-42F8-8640-78D59DF62969}.Release|Any CPU.Build.0 = Release|Any CPU
		{9AAD19F5-443C-4AB0-A93E-A121DF48167E}.Debug|Any CPU.ActiveCfg = Debug|Any CPU
		{9AAD19F5-443C-4AB0-A93E-A121DF48167E}.Debug|Any CPU.Build.0 = Debug|Any CPU
		{9AAD19F5-443C-4AB0-A93E-A121DF48167E}.Release|Any CPU.ActiveCfg = Release|Any CPU
		{9AAD19F5-443C-4AB0-A93E-A121DF48167E}.Release|Any CPU.Build.0 = Release|Any CPU
		{62015917-7A57-467E-AC0E-93939386D636}.Debug|Any CPU.ActiveCfg = Debug|Any CPU
		{62015917-7A57-467E-AC0E-93939386D636}.Debug|Any CPU.Build.0 = Debug|Any CPU
		{62015917-7A57-467E-AC0E-93939386D636}.Release|Any CPU.ActiveCfg = Release|Any CPU
		{62015917-7A57-467E-AC0E-93939386D636}.Release|Any CPU.Build.0 = Release|Any CPU
		{9987DD65-800A-4F1E-832D-9A59385F8162}.Debug|Any CPU.ActiveCfg = Debug|Any CPU
		{9987DD65-800A-4F1E-832D-9A59385F8162}.Debug|Any CPU.Build.0 = Debug|Any CPU
		{9987DD65-800A-4F1E-832D-9A59385F8162}.Release|Any CPU.ActiveCfg = Release|Any CPU
		{9987DD65-800A-4F1E-832D-9A59385F8162}.Release|Any CPU.Build.0 = Release|Any CPU
		{9A80BCAA-8C8D-4900-A065-CC2AEADE7A84}.Debug|Any CPU.ActiveCfg = Debug|Any CPU
		{9A80BCAA-8C8D-4900-A065-CC2AEADE7A84}.Debug|Any CPU.Build.0 = Debug|Any CPU
		{9A80BCAA-8C8D-4900-A065-CC2AEADE7A84}.Release|Any CPU.ActiveCfg = Release|Any CPU
		{9A80BCAA-8C8D-4900-A065-CC2AEADE7A84}.Release|Any CPU.Build.0 = Release|Any CPU
		{223C335B-6E27-415D-9548-F998D9927495}.Debug|Any CPU.ActiveCfg = Debug|Any CPU
		{223C335B-6E27-415D-9548-F998D9927495}.Debug|Any CPU.Build.0 = Debug|Any CPU
		{223C335B-6E27-415D-9548-F998D9927495}.Release|Any CPU.ActiveCfg = Release|Any CPU
		{223C335B-6E27-415D-9548-F998D9927495}.Release|Any CPU.Build.0 = Release|Any CPU
		{10426A17-7054-475E-A4B0-DF7F22F08EA0}.Debug|Any CPU.ActiveCfg = Debug|Any CPU
		{10426A17-7054-475E-A4B0-DF7F22F08EA0}.Debug|Any CPU.Build.0 = Debug|Any CPU
		{10426A17-7054-475E-A4B0-DF7F22F08EA0}.Release|Any CPU.ActiveCfg = Release|Any CPU
		{10426A17-7054-475E-A4B0-DF7F22F08EA0}.Release|Any CPU.Build.0 = Release|Any CPU
		{8DFF166D-8455-4982-9C83-C769FE2E4D4E}.Debug|Any CPU.ActiveCfg = Debug|Any CPU
		{8DFF166D-8455-4982-9C83-C769FE2E4D4E}.Debug|Any CPU.Build.0 = Debug|Any CPU
		{8DFF166D-8455-4982-9C83-C769FE2E4D4E}.Release|Any CPU.ActiveCfg = Release|Any CPU
		{8DFF166D-8455-4982-9C83-C769FE2E4D4E}.Release|Any CPU.Build.0 = Release|Any CPU
	EndGlobalSection
	GlobalSection(SolutionProperties) = preSolution
		HideSolutionNode = FALSE
	EndGlobalSection
	GlobalSection(NestedProjects) = preSolution
		{89D725F0-FD1A-4990-85C4-C25B9AD14FA3} = {3BB809A1-260E-4E43-AD64-82CE29BD0F4C}
		{6F16AD7A-6AF2-40EC-A59D-FDFA782F2EFA} = {89D725F0-FD1A-4990-85C4-C25B9AD14FA3}
		{913BF623-AABC-499A-86C9-F1E67DD49A5B} = {3BB809A1-260E-4E43-AD64-82CE29BD0F4C}
		{56C98AD9-1715-431F-86A8-8A9FDB605143} = {913BF623-AABC-499A-86C9-F1E67DD49A5B}
		{BEF6744F-F169-4D4A-92D5-0E77E9162FC9} = {3BB809A1-260E-4E43-AD64-82CE29BD0F4C}
		{2E081FC5-F582-42F8-8640-78D59DF62969} = {BEF6744F-F169-4D4A-92D5-0E77E9162FC9}
		{9AAD19F5-443C-4AB0-A93E-A121DF48167E} = {BEF6744F-F169-4D4A-92D5-0E77E9162FC9}
		{654D2ED4-1EFA-4CE1-8974-8025CB3B6156} = {3BB809A1-260E-4E43-AD64-82CE29BD0F4C}
		{62015917-7A57-467E-AC0E-93939386D636} = {654D2ED4-1EFA-4CE1-8974-8025CB3B6156}
		{9987DD65-800A-4F1E-832D-9A59385F8162} = {654D2ED4-1EFA-4CE1-8974-8025CB3B6156}
		{9A80BCAA-8C8D-4900-A065-CC2AEADE7A84} = {654D2ED4-1EFA-4CE1-8974-8025CB3B6156}
		{223C335B-6E27-415D-9548-F998D9927495} = {654D2ED4-1EFA-4CE1-8974-8025CB3B6156}
		{10426A17-7054-475E-A4B0-DF7F22F08EA0} = {E4D0C140-843E-4760-B454-D03BBF8832ED}
		{8DFF166D-8455-4982-9C83-C769FE2E4D4E} = {4B48EE5E-A922-47E2-9959-0D77440C6EF4}
	EndGlobalSection
	GlobalSection(ExtensibilityGlobals) = postSolution
		SolutionGuid = {877E7744-6FF0-444D-9751-DDF3D9C34711}
	EndGlobalSection
EndGlobal
